// !$*UTF8*$!
{
	archiveVersion = 1;
	classes = {
	};
	objectVersion = 46;
	objects = {

/* Begin PBXBuildFile section */
		4A5507501A74E1E200AACA20 /* AppDelegate.swift in Sources */ = {isa = PBXBuildFile; fileRef = 4A55074F1A74E1E200AACA20 /* AppDelegate.swift */; };
		4A5507521A74E1E200AACA20 /* ViewController.swift in Sources */ = {isa = PBXBuildFile; fileRef = 4A5507511A74E1E200AACA20 /* ViewController.swift */; };
		4A5507551A74E1E200AACA20 /* Main.storyboard in Resources */ = {isa = PBXBuildFile; fileRef = 4A5507531A74E1E200AACA20 /* Main.storyboard */; };
		4A5507571A74E1E200AACA20 /* Images.xcassets in Resources */ = {isa = PBXBuildFile; fileRef = 4A5507561A74E1E200AACA20 /* Images.xcassets */; };
		4A55075A1A74E1E200AACA20 /* LaunchScreen.xib in Resources */ = {isa = PBXBuildFile; fileRef = 4A5507581A74E1E200AACA20 /* LaunchScreen.xib */; };
		4A5507661A74E1E200AACA20 /* ImagesTests.swift in Sources */ = {isa = PBXBuildFile; fileRef = 4A5507651A74E1E200AACA20 /* ImagesTests.swift */; };
		4A5507741A74E35300AACA20 /* a27-1.png in Resources */ = {isa = PBXBuildFile; fileRef = 4A55076F1A74E35300AACA20 /* a27-1.png */; };
		4A5507751A74E35300AACA20 /* a27-2.png in Resources */ = {isa = PBXBuildFile; fileRef = 4A5507701A74E35300AACA20 /* a27-2.png */; };
		4A5507761A74E35300AACA20 /* a27-3.png in Resources */ = {isa = PBXBuildFile; fileRef = 4A5507711A74E35300AACA20 /* a27-3.png */; };
		4A5507771A74E35300AACA20 /* a27-4.png in Resources */ = {isa = PBXBuildFile; fileRef = 4A5507721A74E35300AACA20 /* a27-4.png */; };
		4A5507781A74E35300AACA20 /* a27-5.png in Resources */ = {isa = PBXBuildFile; fileRef = 4A5507731A74E35300AACA20 /* a27-5.png */; };
/* End PBXBuildFile section */

/* Begin PBXContainerItemProxy section */
		4A5507601A74E1E200AACA20 /* PBXContainerItemProxy */ = {
			isa = PBXContainerItemProxy;
			containerPortal = 4A5507421A74E1E100AACA20 /* Project object */;
			proxyType = 1;
			remoteGlobalIDString = 4A5507491A74E1E100AACA20;
			remoteInfo = Images;
		};
/* End PBXContainerItemProxy section */

/* Begin PBXFileReference section */
		4A55074A1A74E1E100AACA20 /* Images.app */ = {isa = PBXFileReference; explicitFileType = wrapper.application; includeInIndex = 0; path = Images.app; sourceTree = BUILT_PRODUCTS_DIR; };
		4A55074E1A74E1E200AACA20 /* Info.plist */ = {isa = PBXFileReference; lastKnownFileType = text.plist.xml; path = Info.plist; sourceTree = "<group>"; };
		4A55074F1A74E1E200AACA20 /* AppDelegate.swift */ = {isa = PBXFileReference; lastKnownFileType = sourcecode.swift; path = AppDelegate.swift; sourceTree = "<group>"; };
		4A5507511A74E1E200AACA20 /* ViewController.swift */ = {isa = PBXFileReference; lastKnownFileType = sourcecode.swift; path = ViewController.swift; sourceTree = "<group>"; };
		4A5507541A74E1E200AACA20 /* Base */ = {isa = PBXFileReference; lastKnownFileType = file.storyboard; name = Base; path = Base.lproj/Main.storyboard; sourceTree = "<group>"; };
		4A5507561A74E1E200AACA20 /* Images.xcassets */ = {isa = PBXFileReference; lastKnownFileType = folder.assetcatalog; path = Images.xcassets; sourceTree = "<group>"; };
		4A5507591A74E1E200AACA20 /* Base */ = {isa = PBXFileReference; lastKnownFileType = file.xib; name = Base; path = Base.lproj/LaunchScreen.xib; sourceTree = "<group>"; };
		4A55075F1A74E1E200AACA20 /* ImagesTests.xctest */ = {isa = PBXFileReference; explicitFileType = wrapper.cfbundle; includeInIndex = 0; path = ImagesTests.xctest; sourceTree = BUILT_PRODUCTS_DIR; };
		4A5507641A74E1E200AACA20 /* Info.plist */ = {isa = PBXFileReference; lastKnownFileType = text.plist.xml; path = Info.plist; sourceTree = "<group>"; };
		4A5507651A74E1E200AACA20 /* ImagesTests.swift */ = {isa = PBXFileReference; lastKnownFileType = sourcecode.swift; path = ImagesTests.swift; sourceTree = "<group>"; };
		4A55076F1A74E35300AACA20 /* a27-1.png */ = {isa = PBXFileReference; lastKnownFileType = image.png; path = "a27-1.png"; sourceTree = "<group>"; };
		4A5507701A74E35300AACA20 /* a27-2.png */ = {isa = PBXFileReference; lastKnownFileType = image.png; path = "a27-2.png"; sourceTree = "<group>"; };
		4A5507711A74E35300AACA20 /* a27-3.png */ = {isa = PBXFileReference; lastKnownFileType = image.png; path = "a27-3.png"; sourceTree = "<group>"; };
		4A5507721A74E35300AACA20 /* a27-4.png */ = {isa = PBXFileReference; lastKnownFileType = image.png; path = "a27-4.png"; sourceTree = "<group>"; };
		4A5507731A74E35300AACA20 /* a27-5.png */ = {isa = PBXFileReference; lastKnownFileType = image.png; path = "a27-5.png"; sourceTree = "<group>"; };
/* End PBXFileReference section */

/* Begin PBXFrameworksBuildPhase section */
		4A5507471A74E1E100AACA20 /* Frameworks */ = {
			isa = PBXFrameworksBuildPhase;
			buildActionMask = 2147483647;
			files = (
			);
			runOnlyForDeploymentPostprocessing = 0;
		};
		4A55075C1A74E1E200AACA20 /* Frameworks */ = {
			isa = PBXFrameworksBuildPhase;
			buildActionMask = 2147483647;
			files = (
			);
			runOnlyForDeploymentPostprocessing = 0;
		};
/* End PBXFrameworksBuildPhase section */

/* Begin PBXGroup section */
		4A5507411A74E1E100AACA20 = {
			isa = PBXGroup;
			children = (
				4A55074C1A74E1E100AACA20 /* Images */,
				4A5507621A74E1E200AACA20 /* ImagesTests */,
				4A55074B1A74E1E100AACA20 /* Products */,
			);
			sourceTree = "<group>";
		};
		4A55074B1A74E1E100AACA20 /* Products */ = {
			isa = PBXGroup;
			children = (
				4A55074A1A74E1E100AACA20 /* Images.app */,
				4A55075F1A74E1E200AACA20 /* ImagesTests.xctest */,
			);
			name = Products;
			sourceTree = "<group>";
		};
		4A55074C1A74E1E100AACA20 /* Images */ = {
			isa = PBXGroup;
			children = (
				4A55074F1A74E1E200AACA20 /* AppDelegate.swift */,
				4A5507511A74E1E200AACA20 /* ViewController.swift */,
				4A5507531A74E1E200AACA20 /* Main.storyboard */,
				4A55076F1A74E35300AACA20 /* a27-1.png */,
				4A5507701A74E35300AACA20 /* a27-2.png */,
				4A5507711A74E35300AACA20 /* a27-3.png */,
				4A5507721A74E35300AACA20 /* a27-4.png */,
				4A5507731A74E35300AACA20 /* a27-5.png */,
				4A5507561A74E1E200AACA20 /* Images.xcassets */,
				4A5507581A74E1E200AACA20 /* LaunchScreen.xib */,
				4A55074D1A74E1E200AACA20 /* Supporting Files */,
			);
			path = Images;
			sourceTree = "<group>";
		};
		4A55074D1A74E1E200AACA20 /* Supporting Files */ = {
			isa = PBXGroup;
			children = (
				4A55074E1A74E1E200AACA20 /* Info.plist */,
			);
			name = "Supporting Files";
			sourceTree = "<group>";
		};
		4A5507621A74E1E200AACA20 /* ImagesTests */ = {
			isa = PBXGroup;
			children = (
				4A5507651A74E1E200AACA20 /* ImagesTests.swift */,
				4A5507631A74E1E200AACA20 /* Supporting Files */,
			);
			path = ImagesTests;
			sourceTree = "<group>";
		};
		4A5507631A74E1E200AACA20 /* Supporting Files */ = {
			isa = PBXGroup;
			children = (
				4A5507641A74E1E200AACA20 /* Info.plist */,
			);
			name = "Supporting Files";
			sourceTree = "<group>";
		};
/* End PBXGroup section */

/* Begin PBXNativeTarget section */
		4A5507491A74E1E100AACA20 /* Images */ = {
			isa = PBXNativeTarget;
			buildConfigurationList = 4A5507691A74E1E200AACA20 /* Build configuration list for PBXNativeTarget "Images" */;
			buildPhases = (
				4A5507461A74E1E100AACA20 /* Sources */,
				4A5507471A74E1E100AACA20 /* Frameworks */,
				4A5507481A74E1E100AACA20 /* Resources */,
			);
			buildRules = (
			);
			dependencies = (
			);
			name = Images;
			productName = Images;
			productReference = 4A55074A1A74E1E100AACA20 /* Images.app */;
			productType = "com.apple.product-type.application";
		};
		4A55075E1A74E1E200AACA20 /* ImagesTests */ = {
			isa = PBXNativeTarget;
			buildConfigurationList = 4A55076C1A74E1E200AACA20 /* Build configuration list for PBXNativeTarget "ImagesTests" */;
			buildPhases = (
				4A55075B1A74E1E200AACA20 /* Sources */,
				4A55075C1A74E1E200AACA20 /* Frameworks */,
				4A55075D1A74E1E200AACA20 /* Resources */,
			);
			buildRules = (
			);
			dependencies = (
				4A5507611A74E1E200AACA20 /* PBXTargetDependency */,
			);
			name = ImagesTests;
			productName = ImagesTests;
			productReference = 4A55075F1A74E1E200AACA20 /* ImagesTests.xctest */;
			productType = "com.apple.product-type.bundle.unit-test";
		};
/* End PBXNativeTarget section */

/* Begin PBXProject section */
		4A5507421A74E1E100AACA20 /* Project object */ = {
			isa = PBXProject;
			attributes = {
				LastUpgradeCheck = 0610;
				ORGANIZATIONNAME = "K C";
				TargetAttributes = {
					4A5507491A74E1E100AACA20 = {
						CreatedOnToolsVersion = 6.1.1;
					};
					4A55075E1A74E1E200AACA20 = {
						CreatedOnToolsVersion = 6.1.1;
						TestTargetID = 4A5507491A74E1E100AACA20;
					};
				};
			};
			buildConfigurationList = 4A5507451A74E1E100AACA20 /* Build configuration list for PBXProject "Images" */;
			compatibilityVersion = "Xcode 3.2";
			developmentRegion = English;
			hasScannedForEncodings = 0;
			knownRegions = (
				en,
				Base,
			);
			mainGroup = 4A5507411A74E1E100AACA20;
			productRefGroup = 4A55074B1A74E1E100AACA20 /* Products */;
			projectDirPath = "";
			projectRoot = "";
			targets = (
				4A5507491A74E1E100AACA20 /* Images */,
				4A55075E1A74E1E200AACA20 /* ImagesTests */,
			);
		};
/* End PBXProject section */

/* Begin PBXResourcesBuildPhase section */
		4A5507481A74E1E100AACA20 /* Resources */ = {
			isa = PBXResourcesBuildPhase;
			buildActionMask = 2147483647;
			files = (
				4A5507781A74E35300AACA20 /* a27-5.png in Resources */,
				4A5507761A74E35300AACA20 /* a27-3.png in Resources */,
				4A5507741A74E35300AACA20 /* a27-1.png in Resources */,
				4A5507551A74E1E200AACA20 /* Main.storyboard in Resources */,
				4A55075A1A74E1E200AACA20 /* LaunchScreen.xib in Resources */,
				4A5507751A74E35300AACA20 /* a27-2.png in Resources */,
				4A5507571A74E1E200AACA20 /* Images.xcassets in Resources */,
				4A5507771A74E35300AACA20 /* a27-4.png in Resources */,
			);
			runOnlyForDeploymentPostprocessing = 0;
		};
		4A55075D1A74E1E200AACA20 /* Resources */ = {
			isa = PBXResourcesBuildPhase;
			buildActionMask = 2147483647;
			files = (
			);
			runOnlyForDeploymentPostprocessing = 0;
		};
/* End PBXResourcesBuildPhase section */

/* Begin PBXSourcesBuildPhase section */
		4A5507461A74E1E100AACA20 /* Sources */ = {
			isa = PBXSourcesBuildPhase;
			buildActionMask = 2147483647;
			files = (
				4A5507521A74E1E200AACA20 /* ViewController.swift in Sources */,
				4A5507501A74E1E200AACA20 /* AppDelegate.swift in Sources */,
			);
			runOnlyForDeploymentPostprocessing = 0;
		};
		4A55075B1A74E1E200AACA20 /* Sources */ = {
			isa = PBXSourcesBuildPhase;
			buildActionMask = 2147483647;
			files = (
				4A5507661A74E1E200AACA20 /* ImagesTests.swift in Sources */,
			);
			runOnlyForDeploymentPostprocessing = 0;
		};
/* End PBXSourcesBuildPhase section */

/* Begin PBXTargetDependency section */
		4A5507611A74E1E200AACA20 /* PBXTargetDependency */ = {
			isa = PBXTargetDependency;
			target = 4A5507491A74E1E100AACA20 /* Images */;
			targetProxy = 4A5507601A74E1E200AACA20 /* PBXContainerItemProxy */;
		};
/* End PBXTargetDependency section */

/* Begin PBXVariantGroup section */
		4A5507531A74E1E200AACA20 /* Main.storyboard */ = {
			isa = PBXVariantGroup;
			children = (
				4A5507541A74E1E200AACA20 /* Base */,
			);
			name = Main.storyboard;
			sourceTree = "<group>";
		};
		4A5507581A74E1E200AACA20 /* LaunchScreen.xib */ = {
			isa = PBXVariantGroup;
			children = (
				4A5507591A74E1E200AACA20 /* Base */,
			);
			name = LaunchScreen.xib;
			sourceTree = "<group>";
		};
/* End PBXVariantGroup section */

/* Begin XCBuildConfiguration section */
		4A5507671A74E1E200AACA20 /* Debug */ = {
			isa = XCBuildConfiguration;
			buildSettings = {
				ALWAYS_SEARCH_USER_PATHS = NO;
				CLANG_CXX_LANGUAGE_STANDARD = "gnu++0x";
				CLANG_CXX_LIBRARY = "libc++";
				CLANG_ENABLE_MODULES = YES;
				CLANG_ENABLE_OBJC_ARC = YES;
				CLANG_WARN_BOOL_CONVERSION = YES;
				CLANG_WARN_CONSTANT_CONVERSION = YES;
				CLANG_WARN_DIRECT_OBJC_ISA_USAGE = YES_ERROR;
				CLANG_WARN_EMPTY_BODY = YES;
				CLANG_WARN_ENUM_CONVERSION = YES;
				CLANG_WARN_INT_CONVERSION = YES;
				CLANG_WARN_OBJC_ROOT_CLASS = YES_ERROR;
				CLANG_WARN_UNREACHABLE_CODE = YES;
				CLANG_WARN__DUPLICATE_METHOD_MATCH = YES;
				"CODE_SIGN_IDENTITY[sdk=iphoneos*]" = "iPhone Developer";
				COPY_PHASE_STRIP = NO;
				ENABLE_STRICT_OBJC_MSGSEND = YES;
				GCC_C_LANGUAGE_STANDARD = gnu99;
				GCC_DYNAMIC_NO_PIC = NO;
				GCC_OPTIMIZATION_LEVEL = 0;
				GCC_PREPROCESSOR_DEFINITIONS = (
					"DEBUG=1",
					"$(inherited)",
				);
				GCC_SYMBOLS_PRIVATE_EXTERN = NO;
				GCC_WARN_64_TO_32_BIT_CONVERSION = YES;
				GCC_WARN_ABOUT_RETURN_TYPE = YES_ERROR;
				GCC_WARN_UNDECLARED_SELECTOR = YES;
				GCC_WARN_UNINITIALIZED_AUTOS = YES_AGGRESSIVE;
				GCC_WARN_UNUSED_FUNCTION = YES;
				GCC_WARN_UNUSED_VARIABLE = YES;
				IPHONEOS_DEPLOYMENT_TARGET = 8.1;
				MTL_ENABLE_DEBUG_INFO = YES;
				ONLY_ACTIVE_ARCH = YES;
				SDKROOT = iphoneos;
				SWIFT_OPTIMIZATION_LEVEL = "-Onone";
			};
			name = Debug;
		};
		4A5507681A74E1E200AACA20 /* Release */ = {
			isa = XCBuildConfiguration;
			buildSettings = {
				ALWAYS_SEARCH_USER_PATHS = NO;
				CLANG_CXX_LANGUAGE_STANDARD = "gnu++0x";
				CLANG_CXX_LIBRARY = "libc++";
				CLANG_ENABLE_MODULES = YES;
				CLANG_ENABLE_OBJC_ARC = YES;
				CLANG_WARN_BOOL_CONVERSION = YES;
				CLANG_WARN_CONSTANT_CONVERSION = YES;
				CLANG_WARN_DIRECT_OBJC_ISA_USAGE = YES_ERROR;
				CLANG_WARN_EMPTY_BODY = YES;
				CLANG_WARN_ENUM_CONVERSION = YES;
				CLANG_WARN_INT_CONVERSION = YES;
				CLANG_WARN_OBJC_ROOT_CLASS = YES_ERROR;
				CLANG_WARN_UNREACHABLE_CODE = YES;
				CLANG_WARN__DUPLICATE_METHOD_MATCH = YES;
				"CODE_SIGN_IDENTITY[sdk=iphoneos*]" = "iPhone Developer";
				COPY_PHASE_STRIP = YES;
				ENABLE_NS_ASSERTIONS = NO;
				ENABLE_STRICT_OBJC_MSGSEND = YES;
				GCC_C_LANGUAGE_STANDARD = gnu99;
				GCC_WARN_64_TO_32_BIT_CONVERSION = YES;
				GCC_WARN_ABOUT_RETURN_TYPE = YES_ERROR;
				GCC_WARN_UNDECLARED_SELECTOR = YES;
				GCC_WARN_UNINITIALIZED_AUTOS = YES_AGGRESSIVE;
				GCC_WARN_UNUSED_FUNCTION = YES;
				GCC_WARN_UNUSED_VARIABLE = YES;
				IPHONEOS_DEPLOYMENT_TARGET = 8.1;
				MTL_ENABLE_DEBUG_INFO = NO;
				SDKROOT = iphoneos;
				VALIDATE_PRODUCT = YES;
			};
			name = Release;
		};
		4A55076A1A74E1E200AACA20 /* Debug */ = {
			isa = XCBuildConfiguration;
			buildSettings = {
				ASSETCATALOG_COMPILER_APPICON_NAME = AppIcon;
				INFOPLIST_FILE = Images/Info.plist;
				LD_RUNPATH_SEARCH_PATHS = "$(inherited) @executable_path/Frameworks";
				PRODUCT_NAME = "$(TARGET_NAME)";
			};
			name = Debug;
		};
		4A55076B1A74E1E200AACA20 /* Release */ = {
			isa = XCBuildConfiguration;
			buildSettings = {
				ASSETCATALOG_COMPILER_APPICON_NAME = AppIcon;
				INFOPLIST_FILE = Images/Info.plist;
				LD_RUNPATH_SEARCH_PATHS = "$(inherited) @executable_path/Frameworks";
				PRODUCT_NAME = "$(TARGET_NAME)";
			};
			name = Release;
		};
		4A55076D1A74E1E200AACA20 /* Debug */ = {
			isa = XCBuildConfiguration;
			buildSettings = {
				BUNDLE_LOADER = "$(TEST_HOST)";
				FRAMEWORK_SEARCH_PATHS = (
					"$(SDKROOT)/Developer/Library/Frameworks",
					"$(inherited)",
				);
				GCC_PREPROCESSOR_DEFINITIONS = (
					"DEBUG=1",
					"$(inherited)",
				);
				INFOPLIST_FILE = ImagesTests/Info.plist;
				LD_RUNPATH_SEARCH_PATHS = "$(inherited) @executable_path/Frameworks @loader_path/Frameworks";
				PRODUCT_NAME = "$(TARGET_NAME)";
				TEST_HOST = "$(BUILT_PRODUCTS_DIR)/Images.app/Images";
			};
			name = Debug;
		};
		4A55076E1A74E1E200AACA20 /* Release */ = {
			isa = XCBuildConfiguration;
			buildSettings = {
				BUNDLE_LOADER = "$(TEST_HOST)";
				FRAMEWORK_SEARCH_PATHS = (
					"$(SDKROOT)/Developer/Library/Frameworks",
					"$(inherited)",
				);
				INFOPLIST_FILE = ImagesTests/Info.plist;
				LD_RUNPATH_SEARCH_PATHS = "$(inherited) @executable_path/Frameworks @loader_path/Frameworks";
				PRODUCT_NAME = "$(TARGET_NAME)";
				TEST_HOST = "$(BUILT_PRODUCTS_DIR)/Images.app/Images";
			};
			name = Release;
		};
/* End XCBuildConfiguration section */

/* Begin XCConfigurationList section */
		4A5507451A74E1E100AACA20 /* Build configuration list for PBXProject "Images" */ = {
			isa = XCConfigurationList;
			buildConfigurations = (
				4A5507671A74E1E200AACA20 /* Debug */,
				4A5507681A74E1E200AACA20 /* Release */,
			);
			defaultConfigurationIsVisible = 0;
			defaultConfigurationName = Release;
		};
		4A5507691A74E1E200AACA20 /* Build configuration list for PBXNativeTarget "Images" */ = {
			isa = XCConfigurationList;
			buildConfigurations = (
				4A55076A1A74E1E200AACA20 /* Debug */,
				4A55076B1A74E1E200AACA20 /* Release */,
			);
			defaultConfigurationIsVisible = 0;
		};
		4A55076C1A74E1E200AACA20 /* Build configuration list for PBXNativeTarget "ImagesTests" */ = {
			isa = XCConfigurationList;
			buildConfigurations = (
				4A55076D1A74E1E200AACA20 /* Debug */,
				4A55076E1A74E1E200AACA20 /* Release */,
			);
			defaultConfigurationIsVisible = 0;
		};
/* End XCConfigurationList section */
	};
	rootObject = 4A5507421A74E1E100AACA20 /* Project object */;
}
